
Microsoft Visual Studio Solution File, Format Version 12.00
# Visual Studio 15
VisualStudioVersion = 15.0.27130.2020
MinimumVisualStudioVersion = 10.0.40219.1
Project("{FAE04EC0-301F-11D3-BF4B-00C04F79EFBC}") = "CoCaro", "CoCaro.csproj", "{DC539F61-070D-44C8-A742-C04B6F6D2265}"
EndProject
Project("{FAE04EC0-301F-11D3-BF4B-00C04F79EFBC}") = "CoCaro.Test", "CoCaro.Test\CoCaro.Test.csproj", "{C2CC511E-A42B-447A-90F9-31D655990523}"
EndProject
Global
	GlobalSection(SolutionConfigurationPlatforms) = preSolution
		Debug|Any CPU = Debug|Any CPU
		Release|Any CPU = Release|Any CPU
	EndGlobalSection
	GlobalSection(ProjectConfigurationPlatforms) = postSolution
		{DC539F61-070D-44C8-A742-C04B6F6D2265}.Debug|Any CPU.ActiveCfg = Debug|Any CPU
		{DC539F61-070D-44C8-A742-C04B6F6D2265}.Debug|Any CPU.Build.0 = Debug|Any CPU
		{DC539F61-070D-44C8-A742-C04B6F6D2265}.Release|Any CPU.ActiveCfg = Release|Any CPU
		{DC539F61-070D-44C8-A742-C04B6F6D2265}.Release|Any CPU.Build.0 = Release|Any CPU
		{C2CC511E-A42B-447A-90F9-31D655990523}.Debug|Any CPU.ActiveCfg = Debug|Any CPU
		{C2CC511E-A42B-447A-90F9-31D655990523}.Debug|Any CPU.Build.0 = Debug|Any CPU
		{C2CC511E-A42B-447A-90F9-31D655990523}.Release|Any CPU.ActiveCfg = Release|Any CPU
		{C2CC511E-A42B-447A-90F9-31D655990523}.Release|Any CPU.Build.0 = Release|Any CPU
	EndGlobalSection
	GlobalSection(SolutionProperties) = preSolution
		HideSolutionNode = FALSE
	EndGlobalSection
	GlobalSection(ExtensibilityGlobals) = postSolution
		SolutionGuid = {1898FD5D-F7F4-41AE-953D-938632CEE9CF}
	EndGlobalSection
EndGlobal
